
Microsoft Visual Studio Solution File, Format Version 12.00
# Visual Studio Version 17
VisualStudioVersion = 17.7.34024.191
MinimumVisualStudioVersion = 10.0.40219.1
Project("{FAE04EC0-301F-11D3-BF4B-00C04F79EFBC}") = "Ships", "Ships.csproj", "{14A57C4D-1C9B-4D4E-A6B9-A629A4E29913}"
EndProject
Global
	GlobalSection(SolutionConfigurationPlatforms) = preSolution
		Debug|Any CPU = Debug|Any CPU
		Release|Any CPU = Release|Any CPU
	EndGlobalSection
	GlobalSection(ProjectConfigurationPlatforms) = postSolution
		{14A57C4D-1C9B-4D4E-A6B9-A629A4E29913}.Debug|Any CPU.ActiveCfg = Debug|Any CPU
		{14A57C4D-1C9B-4D4E-A6B9-A629A4E29913}.Debug|Any CPU.Build.0 = Debug|Any CPU
		{14A57C4D-1C9B-4D4E-A6B9-A629A4E29913}.Release|Any CPU.ActiveCfg = Release|Any CPU
		{14A57C4D-1C9B-4D4E-A6B9-A629A4E29913}.Release|Any CPU.Build.0 = Release|Any CPU
	EndGlobalSection
	GlobalSection(SolutionProperties) = preSolution
		HideSolutionNode = FALSE
	EndGlobalSection
	GlobalSection(ExtensibilityGlobals) = postSolution
		SolutionGuid = {BD2C5E0C-1995-41BB-A81D-0CA23BAA2D3C}
	EndGlobalSection
EndGlobal
